
Microsoft Visual Studio Solution File, Format Version 12.00
# Visual Studio Version 17
VisualStudioVersion = 17.8.34511.84
MinimumVisualStudioVersion = 10.0.40219.1
Project("{FAE04EC0-301F-11D3-BF4B-00C04F79EFBC}") = "CRUD APP", "CRUD APP.csproj", "{478E8A1E-8E05-404C-8685-9A2104E7911B}"
EndProject
Global
	GlobalSection(SolutionConfigurationPlatforms) = preSolution
		Debug|Any CPU = Debug|Any CPU
		Release|Any CPU = Release|Any CPU
	EndGlobalSection
	GlobalSection(ProjectConfigurationPlatforms) = postSolution
		{478E8A1E-8E05-404C-8685-9A2104E7911B}.Debug|Any CPU.ActiveCfg = Debug|Any CPU
		{478E8A1E-8E05-404C-8685-9A2104E7911B}.Debug|Any CPU.Build.0 = Debug|Any CPU
		{478E8A1E-8E05-404C-8685-9A2104E7911B}.Release|Any CPU.ActiveCfg = Release|Any CPU
		{478E8A1E-8E05-404C-8685-9A2104E7911B}.Release|Any CPU.Build.0 = Release|Any CPU
	EndGlobalSection
	GlobalSection(SolutionProperties) = preSolution
		HideSolutionNode = FALSE
	EndGlobalSection
	GlobalSection(ExtensibilityGlobals) = postSolution
		SolutionGuid = {F0F698B1-2340-40A7-890F-4CC1075985C4}
	EndGlobalSection
EndGlobal
